// !$*UTF8*$!
{
	archiveVersion = 1;
	classes = {
	};
	objectVersion = 48;
	objects = {

/* Begin PBXBuildFile section */
		4F0B6154208069D40042A6FE /* SelectedSessionViewController.swift in Sources */ = {isa = PBXBuildFile; fileRef = 4F0B6153208069D40042A6FE /* SelectedSessionViewController.swift */; };
		4F0D56D2207FE9E4004CF431 /* FullAnnouncementViewController.swift in Sources */ = {isa = PBXBuildFile; fileRef = 4F0D56D1207FE9E4004CF431 /* FullAnnouncementViewController.swift */; };
		4F0D56D4208001CB004CF431 /* SessionsViewController.swift in Sources */ = {isa = PBXBuildFile; fileRef = 4F0D56D3208001CB004CF431 /* SessionsViewController.swift */; };
		4F1D4BD7207181BC0085C3DD /* AppDelegate.swift in Sources */ = {isa = PBXBuildFile; fileRef = 4F1D4BD6207181BC0085C3DD /* AppDelegate.swift */; };
		4F1D4BD9207181BC0085C3DD /* ViewController.swift in Sources */ = {isa = PBXBuildFile; fileRef = 4F1D4BD8207181BC0085C3DD /* ViewController.swift */; };
		4F1D4BDC207181BC0085C3DD /* Main.storyboard in Resources */ = {isa = PBXBuildFile; fileRef = 4F1D4BDA207181BC0085C3DD /* Main.storyboard */; };
		4F1D4BDE207181BC0085C3DD /* Assets.xcassets in Resources */ = {isa = PBXBuildFile; fileRef = 4F1D4BDD207181BC0085C3DD /* Assets.xcassets */; };
		4F1D4BE1207181BC0085C3DD /* LaunchScreen.storyboard in Resources */ = {isa = PBXBuildFile; fileRef = 4F1D4BDF207181BC0085C3DD /* LaunchScreen.storyboard */; };
		4F1D4BE9207182A40085C3DD /* GoogleService-Info.plist in Resources */ = {isa = PBXBuildFile; fileRef = 4F1D4BE8207182A40085C3DD /* GoogleService-Info.plist */; };
		4F8809D72072E5CF0074FB5A /* PastMatchesTableViewCell.swift in Sources */ = {isa = PBXBuildFile; fileRef = 4F8809D62072E5CF0074FB5A /* PastMatchesTableViewCell.swift */; };
		4F8809D9207301790074FB5A /* MatchBreakdownViewController.swift in Sources */ = {isa = PBXBuildFile; fileRef = 4F8809D8207301790074FB5A /* MatchBreakdownViewController.swift */; };
		4F8809DB20730C350074FB5A /* BreakdownViewController.swift in Sources */ = {isa = PBXBuildFile; fileRef = 4F8809DA20730C350074FB5A /* BreakdownViewController.swift */; };
		4FCB97FE207FCA4A0016E3D8 /* AnnouncementsTableViewCell.swift in Sources */ = {isa = PBXBuildFile; fileRef = 4FCB97FD207FCA4A0016E3D8 /* AnnouncementsTableViewCell.swift */; };
		4FCB9801207FCC760016E3D8 /* SessionFilterViewController.swift in Sources */ = {isa = PBXBuildFile; fileRef = 4FCB9800207FCC760016E3D8 /* SessionFilterViewController.swift */; };
		4FDB2A2C20718FC900AB7358 /* GameDayViewController.swift in Sources */ = {isa = PBXBuildFile; fileRef = 4FDB2A2B20718FC900AB7358 /* GameDayViewController.swift */; };
		4FDB2A2E20719D1300AB7358 /* Initialization.swift in Sources */ = {isa = PBXBuildFile; fileRef = 4FDB2A2D20719D1300AB7358 /* Initialization.swift */; };
		4FDB2A3020719EB700AB7358 /* SessionMatchesViewController.swift in Sources */ = {isa = PBXBuildFile; fileRef = 4FDB2A2F20719EB700AB7358 /* SessionMatchesViewController.swift */; };
		4FDB2A3220719EC200AB7358 /* CurrentMatchViewController.swift in Sources */ = {isa = PBXBuildFile; fileRef = 4FDB2A3120719EC200AB7358 /* CurrentMatchViewController.swift */; };
		E1719D3159EBB8DFD7324F1C /* Pods_Build_A_Bot.framework in Frameworks */ = {isa = PBXBuildFile; fileRef = 3EABC0C17F7D2B1A970146DD /* Pods_Build_A_Bot.framework */; };
/* End PBXBuildFile section */

/* Begin PBXFileReference section */
		2B3B51512178BBACC2BAD327 /* Pods-Build A Bot.release.xcconfig */ = {isa = PBXFileReference; includeInIndex = 1; lastKnownFileType = text.xcconfig; name = "Pods-Build A Bot.release.xcconfig"; path = "Pods/Target Support Files/Pods-Build A Bot/Pods-Build A Bot.release.xcconfig"; sourceTree = "<group>"; };
		3EABC0C17F7D2B1A970146DD /* Pods_Build_A_Bot.framework */ = {isa = PBXFileReference; explicitFileType = wrapper.framework; includeInIndex = 0; path = Pods_Build_A_Bot.framework; sourceTree = BUILT_PRODUCTS_DIR; };
		4F0B6153208069D40042A6FE /* SelectedSessionViewController.swift */ = {isa = PBXFileReference; lastKnownFileType = sourcecode.swift; path = SelectedSessionViewController.swift; sourceTree = "<group>"; };
		4F0D56D1207FE9E4004CF431 /* FullAnnouncementViewController.swift */ = {isa = PBXFileReference; lastKnownFileType = sourcecode.swift; path = FullAnnouncementViewController.swift; sourceTree = "<group>"; };
		4F0D56D3208001CB004CF431 /* SessionsViewController.swift */ = {isa = PBXFileReference; lastKnownFileType = sourcecode.swift; path = SessionsViewController.swift; sourceTree = "<group>"; };
		4F1D4BD3207181BC0085C3DD /* Build A Bot.app */ = {isa = PBXFileReference; explicitFileType = wrapper.application; includeInIndex = 0; path = "Build A Bot.app"; sourceTree = BUILT_PRODUCTS_DIR; };
		4F1D4BD6207181BC0085C3DD /* AppDelegate.swift */ = {isa = PBXFileReference; lastKnownFileType = sourcecode.swift; path = AppDelegate.swift; sourceTree = "<group>"; };
		4F1D4BD8207181BC0085C3DD /* ViewController.swift */ = {isa = PBXFileReference; lastKnownFileType = sourcecode.swift; path = ViewController.swift; sourceTree = "<group>"; };
		4F1D4BDB207181BC0085C3DD /* Base */ = {isa = PBXFileReference; lastKnownFileType = file.storyboard; name = Base; path = Base.lproj/Main.storyboard; sourceTree = "<group>"; };
		4F1D4BDD207181BC0085C3DD /* Assets.xcassets */ = {isa = PBXFileReference; lastKnownFileType = folder.assetcatalog; path = Assets.xcassets; sourceTree = "<group>"; };
		4F1D4BE0207181BC0085C3DD /* Base */ = {isa = PBXFileReference; lastKnownFileType = file.storyboard; name = Base; path = Base.lproj/LaunchScreen.storyboard; sourceTree = "<group>"; };
		4F1D4BE2207181BC0085C3DD /* Info.plist */ = {isa = PBXFileReference; lastKnownFileType = text.plist.xml; path = Info.plist; sourceTree = "<group>"; };
		4F1D4BE8207182A40085C3DD /* GoogleService-Info.plist */ = {isa = PBXFileReference; fileEncoding = 4; lastKnownFileType = text.plist.xml; path = "GoogleService-Info.plist"; sourceTree = "<group>"; };
		4F8809D62072E5CF0074FB5A /* PastMatchesTableViewCell.swift */ = {isa = PBXFileReference; lastKnownFileType = sourcecode.swift; path = PastMatchesTableViewCell.swift; sourceTree = "<group>"; };
		4F8809D8207301790074FB5A /* MatchBreakdownViewController.swift */ = {isa = PBXFileReference; lastKnownFileType = sourcecode.swift; path = MatchBreakdownViewController.swift; sourceTree = "<group>"; };
		4F8809DA20730C350074FB5A /* BreakdownViewController.swift */ = {isa = PBXFileReference; lastKnownFileType = sourcecode.swift; path = BreakdownViewController.swift; sourceTree = "<group>"; };
		4F8809DC20733E020074FB5A /* Build A Bot.entitlements */ = {isa = PBXFileReference; lastKnownFileType = text.plist.entitlements; path = "Build A Bot.entitlements"; sourceTree = "<group>"; };
		4FCB97FD207FCA4A0016E3D8 /* AnnouncementsTableViewCell.swift */ = {isa = PBXFileReference; lastKnownFileType = sourcecode.swift; path = AnnouncementsTableViewCell.swift; sourceTree = "<group>"; };
		4FCB9800207FCC760016E3D8 /* SessionFilterViewController.swift */ = {isa = PBXFileReference; lastKnownFileType = sourcecode.swift; path = SessionFilterViewController.swift; sourceTree = "<group>"; };
		4FDB2A2B20718FC900AB7358 /* GameDayViewController.swift */ = {isa = PBXFileReference; lastKnownFileType = sourcecode.swift; path = GameDayViewController.swift; sourceTree = "<group>"; };
		4FDB2A2D20719D1300AB7358 /* Initialization.swift */ = {isa = PBXFileReference; lastKnownFileType = sourcecode.swift; path = Initialization.swift; sourceTree = "<group>"; };
		4FDB2A2F20719EB700AB7358 /* SessionMatchesViewController.swift */ = {isa = PBXFileReference; lastKnownFileType = sourcecode.swift; path = SessionMatchesViewController.swift; sourceTree = "<group>"; };
		4FDB2A3120719EC200AB7358 /* CurrentMatchViewController.swift */ = {isa = PBXFileReference; lastKnownFileType = sourcecode.swift; path = CurrentMatchViewController.swift; sourceTree = "<group>"; };
		63830003837AB9D03878B49D /* Pods-Build A Bot.debug.xcconfig */ = {isa = PBXFileReference; includeInIndex = 1; lastKnownFileType = text.xcconfig; name = "Pods-Build A Bot.debug.xcconfig"; path = "Pods/Target Support Files/Pods-Build A Bot/Pods-Build A Bot.debug.xcconfig"; sourceTree = "<group>"; };
/* End PBXFileReference section */

/* Begin PBXFrameworksBuildPhase section */
		4F1D4BD0207181BC0085C3DD /* Frameworks */ = {
			isa = PBXFrameworksBuildPhase;
			buildActionMask = 2147483647;
			files = (
				E1719D3159EBB8DFD7324F1C /* Pods_Build_A_Bot.framework in Frameworks */,
			);
			runOnlyForDeploymentPostprocessing = 0;
		};
/* End PBXFrameworksBuildPhase section */

/* Begin PBXGroup section */
		4F011B29207D550E005E5148 /* GameDay */ = {
			isa = PBXGroup;
			children = (
				4FDB2A2B20718FC900AB7358 /* GameDayViewController.swift */,
				4FDB2A2F20719EB700AB7358 /* SessionMatchesViewController.swift */,
				4F8809D62072E5CF0074FB5A /* PastMatchesTableViewCell.swift */,
				4FDB2A3120719EC200AB7358 /* CurrentMatchViewController.swift */,
				4F8809D8207301790074FB5A /* MatchBreakdownViewController.swift */,
				4F8809DA20730C350074FB5A /* BreakdownViewController.swift */,
			);
			path = GameDay;
			sourceTree = "<group>";
		};
		4F0D56D5208001D5004CF431 /* Sessions */ = {
			isa = PBXGroup;
			children = (
				4F0D56D3208001CB004CF431 /* SessionsViewController.swift */,
				4F0B6153208069D40042A6FE /* SelectedSessionViewController.swift */,
			);
			path = Sessions;
			sourceTree = "<group>";
		};
		4F1D4BCA207181BB0085C3DD = {
			isa = PBXGroup;
			children = (
				4F1D4BD5207181BC0085C3DD /* Build A Bot */,
				4F1D4BD4207181BC0085C3DD /* Products */,
				A0F71F450375B3A2CB17BE07 /* Pods */,
				EB667EBCDDFAEFBA0DA10547 /* Frameworks */,
			);
			sourceTree = "<group>";
		};
		4F1D4BD4207181BC0085C3DD /* Products */ = {
			isa = PBXGroup;
			children = (
				4F1D4BD3207181BC0085C3DD /* Build A Bot.app */,
			);
			name = Products;
			sourceTree = "<group>";
		};
		4F1D4BD5207181BC0085C3DD /* Build A Bot */ = {
			isa = PBXGroup;
			children = (
				4F8809DC20733E020074FB5A /* Build A Bot.entitlements */,
				4FDB2A2D20719D1300AB7358 /* Initialization.swift */,
				4F1D4BD6207181BC0085C3DD /* AppDelegate.swift */,
				4FCB97FF207FCA5A0016E3D8 /* Home */,
				4F0D56D5208001D5004CF431 /* Sessions */,
				4F011B29207D550E005E5148 /* GameDay */,
				4F1D4BDA207181BC0085C3DD /* Main.storyboard */,
				4F1D4BDD207181BC0085C3DD /* Assets.xcassets */,
				4F1D4BDF207181BC0085C3DD /* LaunchScreen.storyboard */,
				4F1D4BE2207181BC0085C3DD /* Info.plist */,
				4F1D4BE8207182A40085C3DD /* GoogleService-Info.plist */,
			);
			path = "Build A Bot";
			sourceTree = "<group>";
		};
		4FCB97FF207FCA5A0016E3D8 /* Home */ = {
			isa = PBXGroup;
			children = (
				4F1D4BD8207181BC0085C3DD /* ViewController.swift */,
				4FCB97FD207FCA4A0016E3D8 /* AnnouncementsTableViewCell.swift */,
				4FCB9800207FCC760016E3D8 /* SessionFilterViewController.swift */,
				4F0D56D1207FE9E4004CF431 /* FullAnnouncementViewController.swift */,
			);
			path = Home;
			sourceTree = "<group>";
		};
		A0F71F450375B3A2CB17BE07 /* Pods */ = {
			isa = PBXGroup;
			children = (
				63830003837AB9D03878B49D /* Pods-Build A Bot.debug.xcconfig */,
				2B3B51512178BBACC2BAD327 /* Pods-Build A Bot.release.xcconfig */,
			);
			name = Pods;
			sourceTree = "<group>";
		};
		EB667EBCDDFAEFBA0DA10547 /* Frameworks */ = {
			isa = PBXGroup;
			children = (
				3EABC0C17F7D2B1A970146DD /* Pods_Build_A_Bot.framework */,
			);
			name = Frameworks;
			sourceTree = "<group>";
		};
/* End PBXGroup section */

/* Begin PBXNativeTarget section */
		4F1D4BD2207181BC0085C3DD /* Build A Bot */ = {
			isa = PBXNativeTarget;
			buildConfigurationList = 4F1D4BE5207181BC0085C3DD /* Build configuration list for PBXNativeTarget "Build A Bot" */;
			buildPhases = (
				9BCA726EAA1D5ECA02724552 /* [CP] Check Pods Manifest.lock */,
				4F1D4BCF207181BC0085C3DD /* Sources */,
				4F1D4BD0207181BC0085C3DD /* Frameworks */,
				4F1D4BD1207181BC0085C3DD /* Resources */,
				0369658146199DFDF2AA979B /* [CP] Embed Pods Frameworks */,
				5F76C3AB8ADE786A828E0B93 /* [CP] Copy Pods Resources */,
			);
			buildRules = (
			);
			dependencies = (
			);
			name = "Build A Bot";
			productName = "Build A Bot";
			productReference = 4F1D4BD3207181BC0085C3DD /* Build A Bot.app */;
			productType = "com.apple.product-type.application";
		};
/* End PBXNativeTarget section */

/* Begin PBXProject section */
		4F1D4BCB207181BB0085C3DD /* Project object */ = {
			isa = PBXProject;
			attributes = {
				LastSwiftUpdateCheck = 0920;
				LastUpgradeCheck = 0930;
				ORGANIZATIONNAME = "Bharat Kathi";
				TargetAttributes = {
					4F1D4BD2207181BC0085C3DD = {
						CreatedOnToolsVersion = 9.2;
						ProvisioningStyle = Automatic;
						SystemCapabilities = {
							com.apple.Push = {
								enabled = 0;
							};
						};
					};
				};
			};
			buildConfigurationList = 4F1D4BCE207181BB0085C3DD /* Build configuration list for PBXProject "Build A Bot" */;
			compatibilityVersion = "Xcode 8.0";
			developmentRegion = en;
			hasScannedForEncodings = 0;
			knownRegions = (
				en,
				Base,
			);
			mainGroup = 4F1D4BCA207181BB0085C3DD;
			productRefGroup = 4F1D4BD4207181BC0085C3DD /* Products */;
			projectDirPath = "";
			projectRoot = "";
			targets = (
				4F1D4BD2207181BC0085C3DD /* Build A Bot */,
			);
		};
/* End PBXProject section */

/* Begin PBXResourcesBuildPhase section */
		4F1D4BD1207181BC0085C3DD /* Resources */ = {
			isa = PBXResourcesBuildPhase;
			buildActionMask = 2147483647;
			files = (
				4F1D4BE1207181BC0085C3DD /* LaunchScreen.storyboard in Resources */,
				4F1D4BE9207182A40085C3DD /* GoogleService-Info.plist in Resources */,
				4F1D4BDE207181BC0085C3DD /* Assets.xcassets in Resources */,
				4F1D4BDC207181BC0085C3DD /* Main.storyboard in Resources */,
			);
			runOnlyForDeploymentPostprocessing = 0;
		};
/* End PBXResourcesBuildPhase section */

/* Begin PBXShellScriptBuildPhase section */
		0369658146199DFDF2AA979B /* [CP] Embed Pods Frameworks */ = {
			isa = PBXShellScriptBuildPhase;
			buildActionMask = 2147483647;
			files = (
			);
			inputPaths = (
				"${SRCROOT}/Pods/Target Support Files/Pods-Build A Bot/Pods-Build A Bot-frameworks.sh",
				"${BUILT_PRODUCTS_DIR}/GTMSessionFetcher/GTMSessionFetcher.framework",
				"${BUILT_PRODUCTS_DIR}/GoogleToolboxForMac/GoogleToolboxForMac.framework",
				"${BUILT_PRODUCTS_DIR}/Protobuf/Protobuf.framework",
				"${BUILT_PRODUCTS_DIR}/leveldb-library/leveldb.framework",
				"${BUILT_PRODUCTS_DIR}/nanopb/nanopb.framework",
			);
			name = "[CP] Embed Pods Frameworks";
			outputPaths = (
				"${TARGET_BUILD_DIR}/${FRAMEWORKS_FOLDER_PATH}/GTMSessionFetcher.framework",
				"${TARGET_BUILD_DIR}/${FRAMEWORKS_FOLDER_PATH}/GoogleToolboxForMac.framework",
				"${TARGET_BUILD_DIR}/${FRAMEWORKS_FOLDER_PATH}/Protobuf.framework",
				"${TARGET_BUILD_DIR}/${FRAMEWORKS_FOLDER_PATH}/leveldb.framework",
				"${TARGET_BUILD_DIR}/${FRAMEWORKS_FOLDER_PATH}/nanopb.framework",
			);
			runOnlyForDeploymentPostprocessing = 0;
			shellPath = /bin/sh;
			shellScript = "\"${SRCROOT}/Pods/Target Support Files/Pods-Build A Bot/Pods-Build A Bot-frameworks.sh\"\n";
			showEnvVarsInLog = 0;
		};
		5F76C3AB8ADE786A828E0B93 /* [CP] Copy Pods Resources */ = {
			isa = PBXShellScriptBuildPhase;
			buildActionMask = 2147483647;
			files = (
			);
			inputPaths = (
			);
			name = "[CP] Copy Pods Resources";
			outputPaths = (
			);
			runOnlyForDeploymentPostprocessing = 0;
			shellPath = /bin/sh;
			shellScript = "\"${SRCROOT}/Pods/Target Support Files/Pods-Build A Bot/Pods-Build A Bot-resources.sh\"\n";
			showEnvVarsInLog = 0;
		};
		9BCA726EAA1D5ECA02724552 /* [CP] Check Pods Manifest.lock */ = {
			isa = PBXShellScriptBuildPhase;
			buildActionMask = 2147483647;
			files = (
			);
			inputPaths = (
				"${PODS_PODFILE_DIR_PATH}/Podfile.lock",
				"${PODS_ROOT}/Manifest.lock",
			);
			name = "[CP] Check Pods Manifest.lock";
			outputPaths = (
				"$(DERIVED_FILE_DIR)/Pods-Build A Bot-checkManifestLockResult.txt",
			);
			runOnlyForDeploymentPostprocessing = 0;
			shellPath = /bin/sh;
			shellScript = "diff \"${PODS_PODFILE_DIR_PATH}/Podfile.lock\" \"${PODS_ROOT}/Manifest.lock\" > /dev/null\nif [ $? != 0 ] ; then\n    # print error to STDERR\n    echo \"error: The sandbox is not in sync with the Podfile.lock. Run 'pod install' or update your CocoaPods installation.\" >&2\n    exit 1\nfi\n# This output is used by Xcode 'outputs' to avoid re-running this script phase.\necho \"SUCCESS\" > \"${SCRIPT_OUTPUT_FILE_0}\"\n";
			showEnvVarsInLog = 0;
		};
/* End PBXShellScriptBuildPhase section */

/* Begin PBXSourcesBuildPhase section */
		4F1D4BCF207181BC0085C3DD /* Sources */ = {
			isa = PBXSourcesBuildPhase;
			buildActionMask = 2147483647;
			files = (
				4FDB2A3020719EB700AB7358 /* SessionMatchesViewController.swift in Sources */,
				4FDB2A2C20718FC900AB7358 /* GameDayViewController.swift in Sources */,
				4FCB97FE207FCA4A0016E3D8 /* AnnouncementsTableViewCell.swift in Sources */,
				4F8809DB20730C350074FB5A /* BreakdownViewController.swift in Sources */,
				4F0D56D2207FE9E4004CF431 /* FullAnnouncementViewController.swift in Sources */,
				4F8809D72072E5CF0074FB5A /* PastMatchesTableViewCell.swift in Sources */,
				4F1D4BD9207181BC0085C3DD /* ViewController.swift in Sources */,
				4FCB9801207FCC760016E3D8 /* SessionFilterViewController.swift in Sources */,
				4F1D4BD7207181BC0085C3DD /* AppDelegate.swift in Sources */,
				4FDB2A3220719EC200AB7358 /* CurrentMatchViewController.swift in Sources */,
				4F0B6154208069D40042A6FE /* SelectedSessionViewController.swift in Sources */,
				4F8809D9207301790074FB5A /* MatchBreakdownViewController.swift in Sources */,
				4FDB2A2E20719D1300AB7358 /* Initialization.swift in Sources */,
				4F0D56D4208001CB004CF431 /* SessionsViewController.swift in Sources */,
			);
			runOnlyForDeploymentPostprocessing = 0;
		};
/* End PBXSourcesBuildPhase section */

/* Begin PBXVariantGroup section */
		4F1D4BDA207181BC0085C3DD /* Main.storyboard */ = {
			isa = PBXVariantGroup;
			children = (
				4F1D4BDB207181BC0085C3DD /* Base */,
			);
			name = Main.storyboard;
			sourceTree = "<group>";
		};
		4F1D4BDF207181BC0085C3DD /* LaunchScreen.storyboard */ = {
			isa = PBXVariantGroup;
			children = (
				4F1D4BE0207181BC0085C3DD /* Base */,
			);
			name = LaunchScreen.storyboard;
			sourceTree = "<group>";
		};
/* End PBXVariantGroup section */

/* Begin XCBuildConfiguration section */
		4F1D4BE3207181BC0085C3DD /* Debug */ = {
			isa = XCBuildConfiguration;
			buildSettings = {
				ALWAYS_SEARCH_USER_PATHS = NO;
				CLANG_ANALYZER_NONNULL = YES;
				CLANG_ANALYZER_NUMBER_OBJECT_CONVERSION = YES_AGGRESSIVE;
				CLANG_CXX_LANGUAGE_STANDARD = "gnu++14";
				CLANG_CXX_LIBRARY = "libc++";
				CLANG_ENABLE_MODULES = YES;
				CLANG_ENABLE_OBJC_ARC = YES;
				CLANG_WARN_BLOCK_CAPTURE_AUTORELEASING = YES;
				CLANG_WARN_BOOL_CONVERSION = YES;
				CLANG_WARN_COMMA = YES;
				CLANG_WARN_CONSTANT_CONVERSION = YES;
				CLANG_WARN_DEPRECATED_OBJC_IMPLEMENTATIONS = YES;
				CLANG_WARN_DIRECT_OBJC_ISA_USAGE = YES_ERROR;
				CLANG_WARN_DOCUMENTATION_COMMENTS = YES;
				CLANG_WARN_EMPTY_BODY = YES;
				CLANG_WARN_ENUM_CONVERSION = YES;
				CLANG_WARN_INFINITE_RECURSION = YES;
				CLANG_WARN_INT_CONVERSION = YES;
				CLANG_WARN_NON_LITERAL_NULL_CONVERSION = YES;
				CLANG_WARN_OBJC_IMPLICIT_RETAIN_SELF = YES;
				CLANG_WARN_OBJC_LITERAL_CONVERSION = YES;
				CLANG_WARN_OBJC_ROOT_CLASS = YES_ERROR;
				CLANG_WARN_RANGE_LOOP_ANALYSIS = YES;
				CLANG_WARN_STRICT_PROTOTYPES = YES;
				CLANG_WARN_SUSPICIOUS_MOVE = YES;
				CLANG_WARN_UNGUARDED_AVAILABILITY = YES_AGGRESSIVE;
				CLANG_WARN_UNREACHABLE_CODE = YES;
				CLANG_WARN__DUPLICATE_METHOD_MATCH = YES;
				CODE_SIGN_IDENTITY = "iPhone Developer";
				COPY_PHASE_STRIP = NO;
				DEBUG_INFORMATION_FORMAT = dwarf;
				ENABLE_STRICT_OBJC_MSGSEND = YES;
				ENABLE_TESTABILITY = YES;
				GCC_C_LANGUAGE_STANDARD = gnu11;
				GCC_DYNAMIC_NO_PIC = NO;
				GCC_NO_COMMON_BLOCKS = YES;
				GCC_OPTIMIZATION_LEVEL = 0;
				GCC_PREPROCESSOR_DEFINITIONS = (
					"DEBUG=1",
					"$(inherited)",
				);
				GCC_WARN_64_TO_32_BIT_CONVERSION = YES;
				GCC_WARN_ABOUT_RETURN_TYPE = YES_ERROR;
				GCC_WARN_UNDECLARED_SELECTOR = YES;
				GCC_WARN_UNINITIALIZED_AUTOS = YES_AGGRESSIVE;
				GCC_WARN_UNUSED_FUNCTION = YES;
				GCC_WARN_UNUSED_VARIABLE = YES;
				IPHONEOS_DEPLOYMENT_TARGET = 10.0;
				MTL_ENABLE_DEBUG_INFO = YES;
				ONLY_ACTIVE_ARCH = YES;
				SDKROOT = iphoneos;
				SWIFT_ACTIVE_COMPILATION_CONDITIONS = DEBUG;
				SWIFT_OPTIMIZATION_LEVEL = "-Onone";
			};
			name = Debug;
		};
		4F1D4BE4207181BC0085C3DD /* Release */ = {
			isa = XCBuildConfiguration;
			buildSettings = {
				ALWAYS_SEARCH_USER_PATHS = NO;
				CLANG_ANALYZER_NONNULL = YES;
				CLANG_ANALYZER_NUMBER_OBJECT_CONVERSION = YES_AGGRESSIVE;
				CLANG_CXX_LANGUAGE_STANDARD = "gnu++14";
				CLANG_CXX_LIBRARY = "libc++";
				CLANG_ENABLE_MODULES = YES;
				CLANG_ENABLE_OBJC_ARC = YES;
				CLANG_WARN_BLOCK_CAPTURE_AUTORELEASING = YES;
				CLANG_WARN_BOOL_CONVERSION = YES;
				CLANG_WARN_COMMA = YES;
				CLANG_WARN_CONSTANT_CONVERSION = YES;
				CLANG_WARN_DEPRECATED_OBJC_IMPLEMENTATIONS = YES;
				CLANG_WARN_DIRECT_OBJC_ISA_USAGE = YES_ERROR;
				CLANG_WARN_DOCUMENTATION_COMMENTS = YES;
				CLANG_WARN_EMPTY_BODY = YES;
				CLANG_WARN_ENUM_CONVERSION = YES;
				CLANG_WARN_INFINITE_RECURSION = YES;
				CLANG_WARN_INT_CONVERSION = YES;
				CLANG_WARN_NON_LITERAL_NULL_CONVERSION = YES;
				CLANG_WARN_OBJC_IMPLICIT_RETAIN_SELF = YES;
				CLANG_WARN_OBJC_LITERAL_CONVERSION = YES;
				CLANG_WARN_OBJC_ROOT_CLASS = YES_ERROR;
				CLANG_WARN_RANGE_LOOP_ANALYSIS = YES;
				CLANG_WARN_STRICT_PROTOTYPES = YES;
				CLANG_WARN_SUSPICIOUS_MOVE = YES;
				CLANG_WARN_UNGUARDED_AVAILABILITY = YES_AGGRESSIVE;
				CLANG_WARN_UNREACHABLE_CODE = YES;
				CLANG_WARN__DUPLICATE_METHOD_MATCH = YES;
				CODE_SIGN_IDENTITY = "iPhone Developer";
				COPY_PHASE_STRIP = NO;
				DEBUG_INFORMATION_FORMAT = "dwarf-with-dsym";
				ENABLE_NS_ASSERTIONS = NO;
				ENABLE_STRICT_OBJC_MSGSEND = YES;
				GCC_C_LANGUAGE_STANDARD = gnu11;
				GCC_NO_COMMON_BLOCKS = YES;
				GCC_WARN_64_TO_32_BIT_CONVERSION = YES;
				GCC_WARN_ABOUT_RETURN_TYPE = YES_ERROR;
				GCC_WARN_UNDECLARED_SELECTOR = YES;
				GCC_WARN_UNINITIALIZED_AUTOS = YES_AGGRESSIVE;
				GCC_WARN_UNUSED_FUNCTION = YES;
				GCC_WARN_UNUSED_VARIABLE = YES;
				IPHONEOS_DEPLOYMENT_TARGET = 10.0;
				MTL_ENABLE_DEBUG_INFO = NO;
				SDKROOT = iphoneos;
				SWIFT_OPTIMIZATION_LEVEL = "-Owholemodule";
				VALIDATE_PRODUCT = YES;
			};
			name = Release;
		};
		4F1D4BE6207181BC0085C3DD /* Debug */ = {
			isa = XCBuildConfiguration;
			baseConfigurationReference = 63830003837AB9D03878B49D /* Pods-Build A Bot.debug.xcconfig */;
			buildSettings = {
				ASSETCATALOG_COMPILER_APPICON_NAME = AppIcon;
				CODE_SIGN_STYLE = Automatic;
				DEVELOPMENT_TEAM = EN646ZUBQA;
				INFOPLIST_FILE = "Build A Bot/Info.plist";
				IPHONEOS_DEPLOYMENT_TARGET = 10.0;
				LD_RUNPATH_SEARCH_PATHS = "$(inherited) @executable_path/Frameworks";
				PRODUCT_BUNDLE_IDENTIFIER = "com.bk1031.Build-A-Bot";
				PRODUCT_NAME = "$(TARGET_NAME)";
				SWIFT_VERSION = 4.0;
				TARGETED_DEVICE_FAMILY = "1,2";
			};
			name = Debug;
		};
		4F1D4BE7207181BC0085C3DD /* Release */ = {
			isa = XCBuildConfiguration;
			baseConfigurationReference = 2B3B51512178BBACC2BAD327 /* Pods-Build A Bot.release.xcconfig */;
			buildSettings = {
				ASSETCATALOG_COMPILER_APPICON_NAME = AppIcon;
				CODE_SIGN_STYLE = Automatic;
				DEVELOPMENT_TEAM = EN646ZUBQA;
				INFOPLIST_FILE = "Build A Bot/Info.plist";
				IPHONEOS_DEPLOYMENT_TARGET = 10.0;
				LD_RUNPATH_SEARCH_PATHS = "$(inherited) @executable_path/Frameworks";
				PRODUCT_BUNDLE_IDENTIFIER = "com.bk1031.Build-A-Bot";
				PRODUCT_NAME = "$(TARGET_NAME)";
				SWIFT_VERSION = 4.0;
				TARGETED_DEVICE_FAMILY = "1,2";
			};
			name = Release;
		};
/* End XCBuildConfiguration section */

/* Begin XCConfigurationList section */
		4F1D4BCE207181BB0085C3DD /* Build configuration list for PBXProject "Build A Bot" */ = {
			isa = XCConfigurationList;
			buildConfigurations = (
				4F1D4BE3207181BC0085C3DD /* Debug */,
				4F1D4BE4207181BC0085C3DD /* Release */,
			);
			defaultConfigurationIsVisible = 0;
			defaultConfigurationName = Release;
		};
		4F1D4BE5207181BC0085C3DD /* Build configuration list for PBXNativeTarget "Build A Bot" */ = {
			isa = XCConfigurationList;
			buildConfigurations = (
				4F1D4BE6207181BC0085C3DD /* Debug */,
				4F1D4BE7207181BC0085C3DD /* Release */,
			);
			defaultConfigurationIsVisible = 0;
			defaultConfigurationName = Release;
		};
/* End XCConfigurationList section */
	};
	rootObject = 4F1D4BCB207181BB0085C3DD /* Project object */;
}
